
Microsoft Visual Studio Solution File, Format Version 12.00
# Visual Studio Version 16
VisualStudioVersion = 16.0.29728.190
MinimumVisualStudioVersion = 10.0.40219.1
Project("{FAE04EC0-301F-11D3-BF4B-00C04F79EFBC}") = "URL", "URL\URL.csproj", "{028BF259-B4EB-42C4-8BC9-EA09611C6A8A}"
EndProject
Project("{FAE04EC0-301F-11D3-BF4B-00C04F79EFBC}") = "SplitString", "SplitString\SplitString.csproj", "{EDFCF04A-DA83-4D01-A458-1C6E369E9167}"
EndProject
Project("{FAE04EC0-301F-11D3-BF4B-00C04F79EFBC}") = "FileToUpper", "FileToUpper\FileToUpper.csproj", "{17D80A8E-1287-4580-9333-326B89B75255}"
EndProject
Project("{FAE04EC0-301F-11D3-BF4B-00C04F79EFBC}") = "MatchesCount", "MatchesCount\MatchesCount.csproj", "{47EC7D25-EF1C-4B36-A640-15F97B03EA07}"
EndProject
Global
	GlobalSection(SolutionConfigurationPlatforms) = preSolution
		Debug|Any CPU = Debug|Any CPU
		Release|Any CPU = Release|Any CPU
	EndGlobalSection
	GlobalSection(ProjectConfigurationPlatforms) = postSolution
		{028BF259-B4EB-42C4-8BC9-EA09611C6A8A}.Debug|Any CPU.ActiveCfg = Debug|Any CPU
		{028BF259-B4EB-42C4-8BC9-EA09611C6A8A}.Debug|Any CPU.Build.0 = Debug|Any CPU
		{028BF259-B4EB-42C4-8BC9-EA09611C6A8A}.Release|Any CPU.ActiveCfg = Release|Any CPU
		{028BF259-B4EB-42C4-8BC9-EA09611C6A8A}.Release|Any CPU.Build.0 = Release|Any CPU
		{EDFCF04A-DA83-4D01-A458-1C6E369E9167}.Debug|Any CPU.ActiveCfg = Debug|Any CPU
		{EDFCF04A-DA83-4D01-A458-1C6E369E9167}.Debug|Any CPU.Build.0 = Debug|Any CPU
		{EDFCF04A-DA83-4D01-A458-1C6E369E9167}.Release|Any CPU.ActiveCfg = Release|Any CPU
		{EDFCF04A-DA83-4D01-A458-1C6E369E9167}.Release|Any CPU.Build.0 = Release|Any CPU
		{17D80A8E-1287-4580-9333-326B89B75255}.Debug|Any CPU.ActiveCfg = Debug|Any CPU
		{17D80A8E-1287-4580-9333-326B89B75255}.Debug|Any CPU.Build.0 = Debug|Any CPU
		{17D80A8E-1287-4580-9333-326B89B75255}.Release|Any CPU.ActiveCfg = Release|Any CPU
		{17D80A8E-1287-4580-9333-326B89B75255}.Release|Any CPU.Build.0 = Release|Any CPU
		{47EC7D25-EF1C-4B36-A640-15F97B03EA07}.Debug|Any CPU.ActiveCfg = Debug|Any CPU
		{47EC7D25-EF1C-4B36-A640-15F97B03EA07}.Debug|Any CPU.Build.0 = Debug|Any CPU
		{47EC7D25-EF1C-4B36-A640-15F97B03EA07}.Release|Any CPU.ActiveCfg = Release|Any CPU
		{47EC7D25-EF1C-4B36-A640-15F97B03EA07}.Release|Any CPU.Build.0 = Release|Any CPU
	EndGlobalSection
	GlobalSection(SolutionProperties) = preSolution
		HideSolutionNode = FALSE
	EndGlobalSection
	GlobalSection(ExtensibilityGlobals) = postSolution
		SolutionGuid = {F4186CC3-FDDE-4A58-B368-7DE8BB040110}
	EndGlobalSection
EndGlobal
