
Microsoft Visual Studio Solution File, Format Version 12.00
# Visual Studio Version 16
VisualStudioVersion = 16.0.29728.190
MinimumVisualStudioVersion = 10.0.40219.1
Project("{FAE04EC0-301F-11D3-BF4B-00C04F79EFBC}") = "Blurring", "Blurring\Blurring.csproj", "{373E29AA-C68F-4FD1-B960-AADC7F825E7B}"
EndProject
Project("{FAE04EC0-301F-11D3-BF4B-00C04F79EFBC}") = "Other", "Other\Other.csproj", "{704D145A-08BB-4072-A970-856F9E5246EB}"
EndProject
Project("{FAE04EC0-301F-11D3-BF4B-00C04F79EFBC}") = "Blurring_v2", "Blurring_v2\Blurring_v2.csproj", "{88450719-7DBC-41B0-88AA-2929B2DEC8B0}"
EndProject
Global
	GlobalSection(SolutionConfigurationPlatforms) = preSolution
		Debug|Any CPU = Debug|Any CPU
		Release|Any CPU = Release|Any CPU
	EndGlobalSection
	GlobalSection(ProjectConfigurationPlatforms) = postSolution
		{373E29AA-C68F-4FD1-B960-AADC7F825E7B}.Debug|Any CPU.ActiveCfg = Debug|Any CPU
		{373E29AA-C68F-4FD1-B960-AADC7F825E7B}.Debug|Any CPU.Build.0 = Debug|Any CPU
		{373E29AA-C68F-4FD1-B960-AADC7F825E7B}.Release|Any CPU.ActiveCfg = Release|Any CPU
		{373E29AA-C68F-4FD1-B960-AADC7F825E7B}.Release|Any CPU.Build.0 = Release|Any CPU
		{704D145A-08BB-4072-A970-856F9E5246EB}.Debug|Any CPU.ActiveCfg = Debug|Any CPU
		{704D145A-08BB-4072-A970-856F9E5246EB}.Debug|Any CPU.Build.0 = Debug|Any CPU
		{704D145A-08BB-4072-A970-856F9E5246EB}.Release|Any CPU.ActiveCfg = Release|Any CPU
		{704D145A-08BB-4072-A970-856F9E5246EB}.Release|Any CPU.Build.0 = Release|Any CPU
		{88450719-7DBC-41B0-88AA-2929B2DEC8B0}.Debug|Any CPU.ActiveCfg = Debug|Any CPU
		{88450719-7DBC-41B0-88AA-2929B2DEC8B0}.Debug|Any CPU.Build.0 = Debug|Any CPU
		{88450719-7DBC-41B0-88AA-2929B2DEC8B0}.Release|Any CPU.ActiveCfg = Release|Any CPU
		{88450719-7DBC-41B0-88AA-2929B2DEC8B0}.Release|Any CPU.Build.0 = Release|Any CPU
	EndGlobalSection
	GlobalSection(SolutionProperties) = preSolution
		HideSolutionNode = FALSE
	EndGlobalSection
	GlobalSection(ExtensibilityGlobals) = postSolution
		SolutionGuid = {3710E04E-601F-4E00-BAA6-9102FCDE076B}
	EndGlobalSection
EndGlobal
