
Microsoft Visual Studio Solution File, Format Version 12.00
# Visual Studio Version 16
VisualStudioVersion = 16.0.29728.190
MinimumVisualStudioVersion = 10.0.40219.1
Project("{FAE04EC0-301F-11D3-BF4B-00C04F79EFBC}") = "Palindrome", "Palindrome\Palindrome.csproj", "{04342775-159C-48EE-984C-13F1917C2CA3}"
EndProject
Global
	GlobalSection(SolutionConfigurationPlatforms) = preSolution
		Debug|Any CPU = Debug|Any CPU
		Release|Any CPU = Release|Any CPU
	EndGlobalSection
	GlobalSection(ProjectConfigurationPlatforms) = postSolution
		{04342775-159C-48EE-984C-13F1917C2CA3}.Debug|Any CPU.ActiveCfg = Debug|Any CPU
		{04342775-159C-48EE-984C-13F1917C2CA3}.Debug|Any CPU.Build.0 = Debug|Any CPU
		{04342775-159C-48EE-984C-13F1917C2CA3}.Release|Any CPU.ActiveCfg = Release|Any CPU
		{04342775-159C-48EE-984C-13F1917C2CA3}.Release|Any CPU.Build.0 = Release|Any CPU
	EndGlobalSection
	GlobalSection(SolutionProperties) = preSolution
		HideSolutionNode = FALSE
	EndGlobalSection
	GlobalSection(ExtensibilityGlobals) = postSolution
		SolutionGuid = {968B540D-5A3B-42F2-9CB3-1E4F6F9478E9}
	EndGlobalSection
EndGlobal
