
Microsoft Visual Studio Solution File, Format Version 12.00
# Visual Studio Version 16
VisualStudioVersion = 16.0.29728.190
MinimumVisualStudioVersion = 10.0.40219.1
Project("{FAE04EC0-301F-11D3-BF4B-00C04F79EFBC}") = "SelectionSort", "SelectionSort\SelectionSort.csproj", "{4C73F791-7BE3-430A-83DE-B26F8E96C6BC}"
EndProject
Global
	GlobalSection(SolutionConfigurationPlatforms) = preSolution
		Debug|Any CPU = Debug|Any CPU
		Release|Any CPU = Release|Any CPU
	EndGlobalSection
	GlobalSection(ProjectConfigurationPlatforms) = postSolution
		{4C73F791-7BE3-430A-83DE-B26F8E96C6BC}.Debug|Any CPU.ActiveCfg = Debug|Any CPU
		{4C73F791-7BE3-430A-83DE-B26F8E96C6BC}.Debug|Any CPU.Build.0 = Debug|Any CPU
		{4C73F791-7BE3-430A-83DE-B26F8E96C6BC}.Release|Any CPU.ActiveCfg = Release|Any CPU
		{4C73F791-7BE3-430A-83DE-B26F8E96C6BC}.Release|Any CPU.Build.0 = Release|Any CPU
	EndGlobalSection
	GlobalSection(SolutionProperties) = preSolution
		HideSolutionNode = FALSE
	EndGlobalSection
	GlobalSection(ExtensibilityGlobals) = postSolution
		SolutionGuid = {1D383574-A642-4C67-8B97-8F68663C8337}
	EndGlobalSection
EndGlobal
