
Microsoft Visual Studio Solution File, Format Version 12.00
# Visual Studio Version 16
VisualStudioVersion = 16.0.29728.190
MinimumVisualStudioVersion = 10.0.40219.1
Project("{FAE04EC0-301F-11D3-BF4B-00C04F79EFBC}") = "Triangle Area v1", "Triangle Area v1\Triangle Area v1.csproj", "{721835AE-6581-4822-BC88-8C546C131D7E}"
EndProject
Global
	GlobalSection(SolutionConfigurationPlatforms) = preSolution
		Debug|Any CPU = Debug|Any CPU
		Release|Any CPU = Release|Any CPU
	EndGlobalSection
	GlobalSection(ProjectConfigurationPlatforms) = postSolution
		{721835AE-6581-4822-BC88-8C546C131D7E}.Debug|Any CPU.ActiveCfg = Debug|Any CPU
		{721835AE-6581-4822-BC88-8C546C131D7E}.Debug|Any CPU.Build.0 = Debug|Any CPU
		{721835AE-6581-4822-BC88-8C546C131D7E}.Release|Any CPU.ActiveCfg = Release|Any CPU
		{721835AE-6581-4822-BC88-8C546C131D7E}.Release|Any CPU.Build.0 = Release|Any CPU
	EndGlobalSection
	GlobalSection(SolutionProperties) = preSolution
		HideSolutionNode = FALSE
	EndGlobalSection
	GlobalSection(ExtensibilityGlobals) = postSolution
		SolutionGuid = {C6EF092D-000D-49CC-A21F-4BAC74D7A269}
	EndGlobalSection
EndGlobal
