
Microsoft Visual Studio Solution File, Format Version 12.00
# Visual Studio Version 16
VisualStudioVersion = 16.0.29728.190
MinimumVisualStudioVersion = 10.0.40219.1
Project("{FAE04EC0-301F-11D3-BF4B-00C04F79EFBC}") = "InsertionSort", "InsertionSort\InsertionSort.csproj", "{8C600C02-049A-4504-805E-6A354013BBA0}"
EndProject
Global
	GlobalSection(SolutionConfigurationPlatforms) = preSolution
		Debug|Any CPU = Debug|Any CPU
		Release|Any CPU = Release|Any CPU
	EndGlobalSection
	GlobalSection(ProjectConfigurationPlatforms) = postSolution
		{8C600C02-049A-4504-805E-6A354013BBA0}.Debug|Any CPU.ActiveCfg = Debug|Any CPU
		{8C600C02-049A-4504-805E-6A354013BBA0}.Debug|Any CPU.Build.0 = Debug|Any CPU
		{8C600C02-049A-4504-805E-6A354013BBA0}.Release|Any CPU.ActiveCfg = Release|Any CPU
		{8C600C02-049A-4504-805E-6A354013BBA0}.Release|Any CPU.Build.0 = Release|Any CPU
	EndGlobalSection
	GlobalSection(SolutionProperties) = preSolution
		HideSolutionNode = FALSE
	EndGlobalSection
	GlobalSection(ExtensibilityGlobals) = postSolution
		SolutionGuid = {EAB10434-204B-49CC-8DE6-6D4943B3DF65}
	EndGlobalSection
EndGlobal
