
Microsoft Visual Studio Solution File, Format Version 12.00
# Visual Studio Version 16
VisualStudioVersion = 16.0.29728.190
MinimumVisualStudioVersion = 10.0.40219.1
Project("{FAE04EC0-301F-11D3-BF4B-00C04F79EFBC}") = "SecretString", "SecretString\SecretString.csproj", "{F0431937-6E93-405F-9C9A-9F35A7E3D005}"
EndProject
Project("{FAE04EC0-301F-11D3-BF4B-00C04F79EFBC}") = "PrimeNumbers", "PrimeNumbers\PrimeNumbers.csproj", "{FFD0BA4C-58CD-4785-A40F-4660249D90D4}"
EndProject
Global
	GlobalSection(SolutionConfigurationPlatforms) = preSolution
		Debug|Any CPU = Debug|Any CPU
		Release|Any CPU = Release|Any CPU
	EndGlobalSection
	GlobalSection(ProjectConfigurationPlatforms) = postSolution
		{F0431937-6E93-405F-9C9A-9F35A7E3D005}.Debug|Any CPU.ActiveCfg = Debug|Any CPU
		{F0431937-6E93-405F-9C9A-9F35A7E3D005}.Debug|Any CPU.Build.0 = Debug|Any CPU
		{F0431937-6E93-405F-9C9A-9F35A7E3D005}.Release|Any CPU.ActiveCfg = Release|Any CPU
		{F0431937-6E93-405F-9C9A-9F35A7E3D005}.Release|Any CPU.Build.0 = Release|Any CPU
		{FFD0BA4C-58CD-4785-A40F-4660249D90D4}.Debug|Any CPU.ActiveCfg = Debug|Any CPU
		{FFD0BA4C-58CD-4785-A40F-4660249D90D4}.Debug|Any CPU.Build.0 = Debug|Any CPU
		{FFD0BA4C-58CD-4785-A40F-4660249D90D4}.Release|Any CPU.ActiveCfg = Release|Any CPU
		{FFD0BA4C-58CD-4785-A40F-4660249D90D4}.Release|Any CPU.Build.0 = Release|Any CPU
	EndGlobalSection
	GlobalSection(SolutionProperties) = preSolution
		HideSolutionNode = FALSE
	EndGlobalSection
	GlobalSection(ExtensibilityGlobals) = postSolution
		SolutionGuid = {7950A72A-AE5D-43B4-A3CA-74970B3A06E6}
	EndGlobalSection
EndGlobal
